
Microsoft Visual Studio Solution File, Format Version 12.00
# Visual Studio 15
VisualStudioVersion = 15.0.27703.2018
MinimumVisualStudioVersion = 10.0.40219.1
Project("{FAE04EC0-301F-11D3-BF4B-00C04F79EFBC}") = "birazidaburada", "birazidaburada\birazidaburada.csproj", "{746D07D3-A024-4A66-BBE8-65D12248070C}"
EndProject
Project("{FAE04EC0-301F-11D3-BF4B-00C04F79EFBC}") = "DataAccessLayer", "DataAccessLayer\DataAccessLayer.csproj", "{C2177C6B-06AA-4871-847F-D7D1AF59E45F}"
EndProject
Global
	GlobalSection(SolutionConfigurationPlatforms) = preSolution
		Debug|Any CPU = Debug|Any CPU
		Release|Any CPU = Release|Any CPU
	EndGlobalSection
	GlobalSection(ProjectConfigurationPlatforms) = postSolution
		{746D07D3-A024-4A66-BBE8-65D12248070C}.Debug|Any CPU.ActiveCfg = Debug|Any CPU
		{746D07D3-A024-4A66-BBE8-65D12248070C}.Debug|Any CPU.Build.0 = Debug|Any CPU
		{746D07D3-A024-4A66-BBE8-65D12248070C}.Release|Any CPU.ActiveCfg = Release|Any CPU
		{746D07D3-A024-4A66-BBE8-65D12248070C}.Release|Any CPU.Build.0 = Release|Any CPU
		{C2177C6B-06AA-4871-847F-D7D1AF59E45F}.Debug|Any CPU.ActiveCfg = Debug|Any CPU
		{C2177C6B-06AA-4871-847F-D7D1AF59E45F}.Debug|Any CPU.Build.0 = Debug|Any CPU
		{C2177C6B-06AA-4871-847F-D7D1AF59E45F}.Release|Any CPU.ActiveCfg = Release|Any CPU
		{C2177C6B-06AA-4871-847F-D7D1AF59E45F}.Release|Any CPU.Build.0 = Release|Any CPU
	EndGlobalSection
	GlobalSection(SolutionProperties) = preSolution
		HideSolutionNode = FALSE
	EndGlobalSection
	GlobalSection(ExtensibilityGlobals) = postSolution
		SolutionGuid = {194FFE33-D161-4910-AC5C-BB41C5091554}
	EndGlobalSection
EndGlobal
